<?xml version="1.0" encoding="utf-8"?>
<Project ToolsVersion="4.0" xmlns="http://schemas.microsoft.com/developer/msbuild/2003">
  <ItemGroup>
    <Filter Include="Source Files">
      <UniqueIdentifier>{4FC737F1-C7A5-4376-A066-2A32D752A2FF}</UniqueIdentifier>
      <Extensions>cpp;c;cc;cxx;def;odl;idl;hpj;bat;asm;asmx</Extensions>
    </Filter>
    <Filter Include="Header Files">
      <UniqueIdentifier>{93995380-89BD-4b04-88EB-625FBE52EBFB}</UniqueIdentifier>
      <Extensions>h;hpp;hxx;hm;inl;inc;xsd</Extensions>
    </Filter>
    <Filter Include="Resource Files">
      <UniqueIdentifier>{67DA6AB6-F800-4c08-8B7A-83BB121AAD01}</UniqueIdentifier>
      <Extensions>rc;ico;cur;bmp;dlg;rc2;rct;bin;rgs;gif;jpg;jpeg;jpe;resx;tiff;tif;png;wav;mfcribbon-ms</Extensions>
    </Filter>
    <Filter Include="Header Files\utility">
      <UniqueIdentifier>{131ee5d4-b887-4c48-a51b-19371226e8d1}</UniqueIdentifier>
    </Filter>
    <Filter Include="Source Files\utility">
      <UniqueIdentifier>{3039750c-bcdc-4418-8ab0-c75d444edb6c}</UniqueIdentifier>
    </Filter>
    <Filter Include="Resource Files\shader">
      <UniqueIdentifier>{ea01dc73-05d8-48de-a0d8-11cd4a5ac3e2}</UniqueIdentifier>
    </Filter>
    <Filter Include="Resource Files\prefab">
      <UniqueIdentifier>{c2708ba4-cc3b-4cab-b3cb-4958e3cb4de3}</UniqueIdentifier>
    </Filter>
    <Filter Include="Resource Files\image">
      <UniqueIdentifier>{df812af1-06c3-457b-b9e0-ab59b6988e69}</UniqueIdentifier>
    </Filter>
  </ItemGroup>
  <ItemGroup>
    <ClInclude Include="Algebra.hpp">
      <Filter>Header Files\utility</Filter>
    </ClInclude>
    <ClInclude Include="Vector.hpp">
      <Filter>Header Files\utility</Filter>
    </ClInclude>
    <ClInclude Include="Matrix4x4.hpp">
      <Filter>Header Files\utility</Filter>
    </ClInclude>
    <ClInclude Include="Point.hpp">
      <Filter>Header Files\utility</Filter>
    </ClInclude>
    <ClInclude Include="Colour.hpp">
      <Filter>Header Files\utility</Filter>
    </ClInclude>
    <ClInclude Include="Line.hpp">
      <Filter>Header Files\utility</Filter>
    </ClInclude>
    <ClInclude Include="BitMap.hpp">
      <Filter>Header Files\utility</Filter>
    </ClInclude>
    <ClInclude Include="KDTree.hpp">
      <Filter>Header Files\utility</Filter>
    </ClInclude>
    <ClInclude Include="OpenGL.hpp">
      <Filter>Header Files</Filter>
    </ClInclude>
    <ClInclude Include="Quadtree.hpp">
      <Filter>Header Files\utility</Filter>
    </ClInclude>
    <ClInclude Include="Assertion.hpp">
      <Filter>Header Files\utility</Filter>
    </ClInclude>
    <ClInclude Include="Biome.hpp">
      <Filter>Header Files</Filter>
    </ClInclude>
    <ClInclude Include="Noiseutils.hpp">
      <Filter>Header Files</Filter>
    </ClInclude>
    <ClInclude Include="TileMap.hpp">
      <Filter>Header Files</Filter>
    </ClInclude>
  </ItemGroup>
  <ItemGroup>
    <ClCompile Include="main.cpp">
      <Filter>Source Files</Filter>
    </ClCompile>
    <ClCompile Include="Vector.cpp">
      <Filter>Source Files\utility</Filter>
    </ClCompile>
    <ClCompile Include="Matrix4x4.cpp">
      <Filter>Source Files\utility</Filter>
    </ClCompile>
    <ClCompile Include="BitMap.cpp">
      <Filter>Source Files\utility</Filter>
    </ClCompile>
    <ClCompile Include="Engine.cpp">
      <Filter>Source Files</Filter>
    </ClCompile>
    <ClCompile Include="Biome.cpp">
      <Filter>Source Files</Filter>
    </ClCompile>
    <ClCompile Include="Noiseutils.cpp">
      <Filter>Source Files</Filter>
    </ClCompile>
    <ClCompile Include="Sun.cpp">
      <Filter>Source Files</Filter>
    </ClCompile>
    <ClCompile Include="TileMap.cpp">
      <Filter>Source Files</Filter>
    </ClCompile>
  </ItemGroup>
  <ItemGroup>
    <None Include="entity.json">
      <Filter>Resource Files\prefab</Filter>
    </None>
    <None Include="tilt_shift.frag">
      <Filter>Resource Files\shader</Filter>
    </None>
    <None Include="pass_through.vert">
      <Filter>Resource Files\shader</Filter>
    </None>
    <None Include="pass_through.frag">
      <Filter>Resource Files\shader</Filter>
    </None>
  </ItemGroup>
  <ItemGroup>
    <Image Include="test.png">
      <Filter>Resource Files\image</Filter>
    </Image>
  </ItemGroup>
</Project>